
Microsoft Visual Studio Solution File, Format Version 12.00
# Visual Studio 2013
VisualStudioVersion = 12.0.31101.0
MinimumVisualStudioVersion = 10.0.40219.1
Project("{FAE04EC0-301F-11D3-BF4B-00C04F79EFBC}") = "Hispital.Services", "Hispital.Services\Hispital.Services.csproj", "{986E7EE6-804E-4144-A881-0FF0887AB6B6}"
EndProject
Project("{FAE04EC0-301F-11D3-BF4B-00C04F79EFBC}") = "Hospital.Models", "Hospital.Models\Hospital.Models.csproj", "{32C7A440-3852-4B11-B480-959ED86B0E40}"
EndProject
Project("{FAE04EC0-301F-11D3-BF4B-00C04F79EFBC}") = "Hospital.Database", "Hospital.Database\Hospital.Database.csproj", "{F3690693-3AC6-44DE-8EE4-92C795452044}"
EndProject
Project("{FAE04EC0-301F-11D3-BF4B-00C04F79EFBC}") = "Test", "Test\Test.csproj", "{106EC989-8B14-4EBA-85F5-C5C509D72904}"
EndProject
Project("{FAE04EC0-301F-11D3-BF4B-00C04F79EFBC}") = "HospitalService", "HospitalService\HospitalService.csproj", "{1E2BBFCD-AA0E-4815-8BC0-6E16F15C26D8}"
EndProject
Global
	GlobalSection(SolutionConfigurationPlatforms) = preSolution
		Debug|Any CPU = Debug|Any CPU
		Release|Any CPU = Release|Any CPU
	EndGlobalSection
	GlobalSection(ProjectConfigurationPlatforms) = postSolution
		{986E7EE6-804E-4144-A881-0FF0887AB6B6}.Debug|Any CPU.ActiveCfg = Debug|Any CPU
		{986E7EE6-804E-4144-A881-0FF0887AB6B6}.Debug|Any CPU.Build.0 = Debug|Any CPU
		{986E7EE6-804E-4144-A881-0FF0887AB6B6}.Release|Any CPU.ActiveCfg = Release|Any CPU
		{986E7EE6-804E-4144-A881-0FF0887AB6B6}.Release|Any CPU.Build.0 = Release|Any CPU
		{32C7A440-3852-4B11-B480-959ED86B0E40}.Debug|Any CPU.ActiveCfg = Debug|Any CPU
		{32C7A440-3852-4B11-B480-959ED86B0E40}.Debug|Any CPU.Build.0 = Debug|Any CPU
		{32C7A440-3852-4B11-B480-959ED86B0E40}.Release|Any CPU.ActiveCfg = Release|Any CPU
		{32C7A440-3852-4B11-B480-959ED86B0E40}.Release|Any CPU.Build.0 = Release|Any CPU
		{F3690693-3AC6-44DE-8EE4-92C795452044}.Debug|Any CPU.ActiveCfg = Debug|Any CPU
		{F3690693-3AC6-44DE-8EE4-92C795452044}.Debug|Any CPU.Build.0 = Debug|Any CPU
		{F3690693-3AC6-44DE-8EE4-92C795452044}.Release|Any CPU.ActiveCfg = Release|Any CPU
		{F3690693-3AC6-44DE-8EE4-92C795452044}.Release|Any CPU.Build.0 = Release|Any CPU
		{106EC989-8B14-4EBA-85F5-C5C509D72904}.Debug|Any CPU.ActiveCfg = Debug|Any CPU
		{106EC989-8B14-4EBA-85F5-C5C509D72904}.Debug|Any CPU.Build.0 = Debug|Any CPU
		{106EC989-8B14-4EBA-85F5-C5C509D72904}.Release|Any CPU.ActiveCfg = Release|Any CPU
		{106EC989-8B14-4EBA-85F5-C5C509D72904}.Release|Any CPU.Build.0 = Release|Any CPU
		{1E2BBFCD-AA0E-4815-8BC0-6E16F15C26D8}.Debug|Any CPU.ActiveCfg = Debug|Any CPU
		{1E2BBFCD-AA0E-4815-8BC0-6E16F15C26D8}.Debug|Any CPU.Build.0 = Debug|Any CPU
		{1E2BBFCD-AA0E-4815-8BC0-6E16F15C26D8}.Release|Any CPU.ActiveCfg = Release|Any CPU
		{1E2BBFCD-AA0E-4815-8BC0-6E16F15C26D8}.Release|Any CPU.Build.0 = Release|Any CPU
	EndGlobalSection
	GlobalSection(SolutionProperties) = preSolution
		HideSolutionNode = FALSE
	EndGlobalSection
EndGlobal
